
Microsoft Visual Studio Solution File, Format Version 12.00
# Visual Studio Version 17
VisualStudioVersion = 17.9.34723.18
MinimumVisualStudioVersion = 10.0.40219.1
Project("{FAE04EC0-301F-11D3-BF4B-00C04F79EFBC}") = "SondagemNectaAPI", "SondagemNectaAPI.csproj", "{39E64C96-6988-4972-9C3F-D82476DC8881}"
EndProject
Global
	GlobalSection(SolutionConfigurationPlatforms) = preSolution
		Debug|Any CPU = Debug|Any CPU
		Release|Any CPU = Release|Any CPU
	EndGlobalSection
	GlobalSection(ProjectConfigurationPlatforms) = postSolution
		{39E64C96-6988-4972-9C3F-D82476DC8881}.Debug|Any CPU.ActiveCfg = Debug|Any CPU
		{39E64C96-6988-4972-9C3F-D82476DC8881}.Debug|Any CPU.Build.0 = Debug|Any CPU
		{39E64C96-6988-4972-9C3F-D82476DC8881}.Release|Any CPU.ActiveCfg = Release|Any CPU
		{39E64C96-6988-4972-9C3F-D82476DC8881}.Release|Any CPU.Build.0 = Release|Any CPU
	EndGlobalSection
	GlobalSection(SolutionProperties) = preSolution
		HideSolutionNode = FALSE
	EndGlobalSection
	GlobalSection(ExtensibilityGlobals) = postSolution
		SolutionGuid = {F7FB7C62-F753-49A0-8EE8-FFDDC5D14792}
	EndGlobalSection
EndGlobal
